// !$*UTF8*$!
{
	archiveVersion = 1;
	classes = {
	};
	objectVersion = 46;
	objects = {

/* Begin PBXBuildFile section */
		55C8025F1DB73B81005E99AD /* AppDelegate.swift in Sources */ = {isa = PBXBuildFile; fileRef = 55C8025E1DB73B81005E99AD /* AppDelegate.swift */; };
		55C802611DB73B81005E99AD /* MVCViewController.swift in Sources */ = {isa = PBXBuildFile; fileRef = 55C802601DB73B81005E99AD /* MVCViewController.swift */; };
		55C802641DB73B81005E99AD /* Main.storyboard in Resources */ = {isa = PBXBuildFile; fileRef = 55C802621DB73B81005E99AD /* Main.storyboard */; };
		55C802661DB73B81005E99AD /* Assets.xcassets in Resources */ = {isa = PBXBuildFile; fileRef = 55C802651DB73B81005E99AD /* Assets.xcassets */; };
		55C802691DB73B81005E99AD /* LaunchScreen.storyboard in Resources */ = {isa = PBXBuildFile; fileRef = 55C802671DB73B81005E99AD /* LaunchScreen.storyboard */; };
		55C802711DB73C25005E99AD /* Dog.swift in Sources */ = {isa = PBXBuildFile; fileRef = 55C802701DB73C25005E99AD /* Dog.swift */; };
		55C802731DB73D85005E99AD /* MVVMViewController.swift in Sources */ = {isa = PBXBuildFile; fileRef = 55C802721DB73D85005E99AD /* MVVMViewController.swift */; };
		55C802761DB74C19005E99AD /* DogViewModel.swift in Sources */ = {isa = PBXBuildFile; fileRef = 55C802751DB74C19005E99AD /* DogViewModel.swift */; };
/* End PBXBuildFile section */

/* Begin PBXFileReference section */
		55C8025B1DB73B81005E99AD /* MVVMProject.app */ = {isa = PBXFileReference; explicitFileType = wrapper.application; includeInIndex = 0; path = MVVMProject.app; sourceTree = BUILT_PRODUCTS_DIR; };
		55C8025E1DB73B81005E99AD /* AppDelegate.swift */ = {isa = PBXFileReference; lastKnownFileType = sourcecode.swift; path = AppDelegate.swift; sourceTree = "<group>"; };
		55C802601DB73B81005E99AD /* MVCViewController.swift */ = {isa = PBXFileReference; lastKnownFileType = sourcecode.swift; path = MVCViewController.swift; sourceTree = "<group>"; };
		55C802631DB73B81005E99AD /* Base */ = {isa = PBXFileReference; lastKnownFileType = file.storyboard; name = Base; path = Base.lproj/Main.storyboard; sourceTree = "<group>"; };
		55C802651DB73B81005E99AD /* Assets.xcassets */ = {isa = PBXFileReference; lastKnownFileType = folder.assetcatalog; path = Assets.xcassets; sourceTree = "<group>"; };
		55C802681DB73B81005E99AD /* Base */ = {isa = PBXFileReference; lastKnownFileType = file.storyboard; name = Base; path = Base.lproj/LaunchScreen.storyboard; sourceTree = "<group>"; };
		55C8026A1DB73B81005E99AD /* Info.plist */ = {isa = PBXFileReference; lastKnownFileType = text.plist.xml; path = Info.plist; sourceTree = "<group>"; };
		55C802701DB73C25005E99AD /* Dog.swift */ = {isa = PBXFileReference; fileEncoding = 4; lastKnownFileType = sourcecode.swift; path = Dog.swift; sourceTree = "<group>"; };
		55C802721DB73D85005E99AD /* MVVMViewController.swift */ = {isa = PBXFileReference; fileEncoding = 4; lastKnownFileType = sourcecode.swift; path = MVVMViewController.swift; sourceTree = "<group>"; };
		55C802751DB74C19005E99AD /* DogViewModel.swift */ = {isa = PBXFileReference; fileEncoding = 4; lastKnownFileType = sourcecode.swift; path = DogViewModel.swift; sourceTree = "<group>"; };
/* End PBXFileReference section */

/* Begin PBXFrameworksBuildPhase section */
		55C802581DB73B81005E99AD /* Frameworks */ = {
			isa = PBXFrameworksBuildPhase;
			buildActionMask = 2147483647;
			files = (
			);
			runOnlyForDeploymentPostprocessing = 0;
		};
/* End PBXFrameworksBuildPhase section */

/* Begin PBXGroup section */
		55C802521DB73B81005E99AD = {
			isa = PBXGroup;
			children = (
				55C8025D1DB73B81005E99AD /* MVVMProject */,
				55C8025C1DB73B81005E99AD /* Products */,
			);
			sourceTree = "<group>";
		};
		55C8025C1DB73B81005E99AD /* Products */ = {
			isa = PBXGroup;
			children = (
				55C8025B1DB73B81005E99AD /* MVVMProject.app */,
			);
			name = Products;
			sourceTree = "<group>";
		};
		55C8025D1DB73B81005E99AD /* MVVMProject */ = {
			isa = PBXGroup;
			children = (
				55C8025E1DB73B81005E99AD /* AppDelegate.swift */,
				55C802601DB73B81005E99AD /* MVCViewController.swift */,
				55C802721DB73D85005E99AD /* MVVMViewController.swift */,
				55C802701DB73C25005E99AD /* Dog.swift */,
				55C802751DB74C19005E99AD /* DogViewModel.swift */,
				55C802621DB73B81005E99AD /* Main.storyboard */,
				55C802651DB73B81005E99AD /* Assets.xcassets */,
				55C802671DB73B81005E99AD /* LaunchScreen.storyboard */,
				55C8026A1DB73B81005E99AD /* Info.plist */,
			);
			path = MVVMProject;
			sourceTree = "<group>";
		};
/* End PBXGroup section */

/* Begin PBXNativeTarget section */
		55C8025A1DB73B81005E99AD /* MVVMProject */ = {
			isa = PBXNativeTarget;
			buildConfigurationList = 55C8026D1DB73B81005E99AD /* Build configuration list for PBXNativeTarget "MVVMProject" */;
			buildPhases = (
				55C802571DB73B81005E99AD /* Sources */,
				55C802581DB73B81005E99AD /* Frameworks */,
				55C802591DB73B81005E99AD /* Resources */,
			);
			buildRules = (
			);
			dependencies = (
			);
			name = MVVMProject;
			productName = MVVMProject;
			productReference = 55C8025B1DB73B81005E99AD /* MVVMProject.app */;
			productType = "com.apple.product-type.application";
		};
/* End PBXNativeTarget section */

/* Begin PBXProject section */
		55C802531DB73B81005E99AD /* Project object */ = {
			isa = PBXProject;
			attributes = {
				LastSwiftUpdateCheck = 0800;
				LastUpgradeCheck = 0800;
				ORGANIZATIONNAME = iOSQuickstart;
				TargetAttributes = {
					55C8025A1DB73B81005E99AD = {
						CreatedOnToolsVersion = 8.0;
						ProvisioningStyle = Automatic;
					};
				};
			};
			buildConfigurationList = 55C802561DB73B81005E99AD /* Build configuration list for PBXProject "MVVMProject" */;
			compatibilityVersion = "Xcode 3.2";
			developmentRegion = English;
			hasScannedForEncodings = 0;
			knownRegions = (
				en,
				Base,
			);
			mainGroup = 55C802521DB73B81005E99AD;
			productRefGroup = 55C8025C1DB73B81005E99AD /* Products */;
			projectDirPath = "";
			projectRoot = "";
			targets = (
				55C8025A1DB73B81005E99AD /* MVVMProject */,
			);
		};
/* End PBXProject section */

/* Begin PBXResourcesBuildPhase section */
		55C802591DB73B81005E99AD /* Resources */ = {
			isa = PBXResourcesBuildPhase;
			buildActionMask = 2147483647;
			files = (
				55C802691DB73B81005E99AD /* LaunchScreen.storyboard in Resources */,
				55C802661DB73B81005E99AD /* Assets.xcassets in Resources */,
				55C802641DB73B81005E99AD /* Main.storyboard in Resources */,
			);
			runOnlyForDeploymentPostprocessing = 0;
		};
/* End PBXResourcesBuildPhase section */

/* Begin PBXSourcesBuildPhase section */
		55C802571DB73B81005E99AD /* Sources */ = {
			isa = PBXSourcesBuildPhase;
			buildActionMask = 2147483647;
			files = (
				55C802731DB73D85005E99AD /* MVVMViewController.swift in Sources */,
				55C802611DB73B81005E99AD /* MVCViewController.swift in Sources */,
				55C802761DB74C19005E99AD /* DogViewModel.swift in Sources */,
				55C8025F1DB73B81005E99AD /* AppDelegate.swift in Sources */,
				55C802711DB73C25005E99AD /* Dog.swift in Sources */,
			);
			runOnlyForDeploymentPostprocessing = 0;
		};
/* End PBXSourcesBuildPhase section */

/* Begin PBXVariantGroup section */
		55C802621DB73B81005E99AD /* Main.storyboard */ = {
			isa = PBXVariantGroup;
			children = (
				55C802631DB73B81005E99AD /* Base */,
			);
			name = Main.storyboard;
			sourceTree = "<group>";
		};
		55C802671DB73B81005E99AD /* LaunchScreen.storyboard */ = {
			isa = PBXVariantGroup;
			children = (
				55C802681DB73B81005E99AD /* Base */,
			);
			name = LaunchScreen.storyboard;
			sourceTree = "<group>";
		};
/* End PBXVariantGroup section */

/* Begin XCBuildConfiguration section */
		55C8026B1DB73B81005E99AD /* Debug */ = {
			isa = XCBuildConfiguration;
			buildSettings = {
				ALWAYS_SEARCH_USER_PATHS = NO;
				CLANG_ANALYZER_NONNULL = YES;
				CLANG_CXX_LANGUAGE_STANDARD = "gnu++0x";
				CLANG_CXX_LIBRARY = "libc++";
				CLANG_ENABLE_MODULES = YES;
				CLANG_ENABLE_OBJC_ARC = YES;
				CLANG_WARN_BOOL_CONVERSION = YES;
				CLANG_WARN_CONSTANT_CONVERSION = YES;
				CLANG_WARN_DIRECT_OBJC_ISA_USAGE = YES_ERROR;
				CLANG_WARN_DOCUMENTATION_COMMENTS = YES;
				CLANG_WARN_EMPTY_BODY = YES;
				CLANG_WARN_ENUM_CONVERSION = YES;
				CLANG_WARN_INFINITE_RECURSION = YES;
				CLANG_WARN_INT_CONVERSION = YES;
				CLANG_WARN_OBJC_ROOT_CLASS = YES_ERROR;
				CLANG_WARN_SUSPICIOUS_MOVES = YES;
				CLANG_WARN_UNREACHABLE_CODE = YES;
				CLANG_WARN__DUPLICATE_METHOD_MATCH = YES;
				"CODE_SIGN_IDENTITY[sdk=iphoneos*]" = "iPhone Developer";
				COPY_PHASE_STRIP = NO;
				DEBUG_INFORMATION_FORMAT = dwarf;
				ENABLE_STRICT_OBJC_MSGSEND = YES;
				ENABLE_TESTABILITY = YES;
				GCC_C_LANGUAGE_STANDARD = gnu99;
				GCC_DYNAMIC_NO_PIC = NO;
				GCC_NO_COMMON_BLOCKS = YES;
				GCC_OPTIMIZATION_LEVEL = 0;
				GCC_PREPROCESSOR_DEFINITIONS = (
					"DEBUG=1",
					"$(inherited)",
				);
				GCC_WARN_64_TO_32_BIT_CONVERSION = YES;
				GCC_WARN_ABOUT_RETURN_TYPE = YES_ERROR;
				GCC_WARN_UNDECLARED_SELECTOR = YES;
				GCC_WARN_UNINITIALIZED_AUTOS = YES_AGGRESSIVE;
				GCC_WARN_UNUSED_FUNCTION = YES;
				GCC_WARN_UNUSED_VARIABLE = YES;
				IPHONEOS_DEPLOYMENT_TARGET = 10.0;
				MTL_ENABLE_DEBUG_INFO = YES;
				ONLY_ACTIVE_ARCH = YES;
				SDKROOT = iphoneos;
				SWIFT_ACTIVE_COMPILATION_CONDITIONS = DEBUG;
				SWIFT_OPTIMIZATION_LEVEL = "-Onone";
			};
			name = Debug;
		};
		55C8026C1DB73B81005E99AD /* Release */ = {
			isa = XCBuildConfiguration;
			buildSettings = {
				ALWAYS_SEARCH_USER_PATHS = NO;
				CLANG_ANALYZER_NONNULL = YES;
				CLANG_CXX_LANGUAGE_STANDARD = "gnu++0x";
				CLANG_CXX_LIBRARY = "libc++";
				CLANG_ENABLE_MODULES = YES;
				CLANG_ENABLE_OBJC_ARC = YES;
				CLANG_WARN_BOOL_CONVERSION = YES;
				CLANG_WARN_CONSTANT_CONVERSION = YES;
				CLANG_WARN_DIRECT_OBJC_ISA_USAGE = YES_ERROR;
				CLANG_WARN_DOCUMENTATION_COMMENTS = YES;
				CLANG_WARN_EMPTY_BODY = YES;
				CLANG_WARN_ENUM_CONVERSION = YES;
				CLANG_WARN_INFINITE_RECURSION = YES;
				CLANG_WARN_INT_CONVERSION = YES;
				CLANG_WARN_OBJC_ROOT_CLASS = YES_ERROR;
				CLANG_WARN_SUSPICIOUS_MOVES = YES;
				CLANG_WARN_UNREACHABLE_CODE = YES;
				CLANG_WARN__DUPLICATE_METHOD_MATCH = YES;
				"CODE_SIGN_IDENTITY[sdk=iphoneos*]" = "iPhone Developer";
				COPY_PHASE_STRIP = NO;
				DEBUG_INFORMATION_FORMAT = "dwarf-with-dsym";
				ENABLE_NS_ASSERTIONS = NO;
				ENABLE_STRICT_OBJC_MSGSEND = YES;
				GCC_C_LANGUAGE_STANDARD = gnu99;
				GCC_NO_COMMON_BLOCKS = YES;
				GCC_WARN_64_TO_32_BIT_CONVERSION = YES;
				GCC_WARN_ABOUT_RETURN_TYPE = YES_ERROR;
				GCC_WARN_UNDECLARED_SELECTOR = YES;
				GCC_WARN_UNINITIALIZED_AUTOS = YES_AGGRESSIVE;
				GCC_WARN_UNUSED_FUNCTION = YES;
				GCC_WARN_UNUSED_VARIABLE = YES;
				IPHONEOS_DEPLOYMENT_TARGET = 10.0;
				MTL_ENABLE_DEBUG_INFO = NO;
				SDKROOT = iphoneos;
				SWIFT_OPTIMIZATION_LEVEL = "-Owholemodule";
				VALIDATE_PRODUCT = YES;
			};
			name = Release;
		};
		55C8026E1DB73B81005E99AD /* Debug */ = {
			isa = XCBuildConfiguration;
			buildSettings = {
				ASSETCATALOG_COMPILER_APPICON_NAME = AppIcon;
				INFOPLIST_FILE = MVVMProject/Info.plist;
				LD_RUNPATH_SEARCH_PATHS = "$(inherited) @executable_path/Frameworks";
				PRODUCT_BUNDLE_IDENTIFIER = ca.iosQuickstart.MVVMProject;
				PRODUCT_NAME = "$(TARGET_NAME)";
				SWIFT_VERSION = 3.0;
			};
			name = Debug;
		};
		55C8026F1DB73B81005E99AD /* Release */ = {
			isa = XCBuildConfiguration;
			buildSettings = {
				ASSETCATALOG_COMPILER_APPICON_NAME = AppIcon;
				INFOPLIST_FILE = MVVMProject/Info.plist;
				LD_RUNPATH_SEARCH_PATHS = "$(inherited) @executable_path/Frameworks";
				PRODUCT_BUNDLE_IDENTIFIER = ca.iosQuickstart.MVVMProject;
				PRODUCT_NAME = "$(TARGET_NAME)";
				SWIFT_VERSION = 3.0;
			};
			name = Release;
		};
/* End XCBuildConfiguration section */

/* Begin XCConfigurationList section */
		55C802561DB73B81005E99AD /* Build configuration list for PBXProject "MVVMProject" */ = {
			isa = XCConfigurationList;
			buildConfigurations = (
				55C8026B1DB73B81005E99AD /* Debug */,
				55C8026C1DB73B81005E99AD /* Release */,
			);
			defaultConfigurationIsVisible = 0;
			defaultConfigurationName = Release;
		};
		55C8026D1DB73B81005E99AD /* Build configuration list for PBXNativeTarget "MVVMProject" */ = {
			isa = XCConfigurationList;
			buildConfigurations = (
				55C8026E1DB73B81005E99AD /* Debug */,
				55C8026F1DB73B81005E99AD /* Release */,
			);
			defaultConfigurationIsVisible = 0;
		};
/* End XCConfigurationList section */
	};
	rootObject = 55C802531DB73B81005E99AD /* Project object */;
}
